
Microsoft Visual Studio Solution File, Format Version 12.00
Project("{FAE04EC0-301F-11D3-BF4B-00C04F79EFBC}") = "engine", "engine\engine.csproj", "{FB3E8786-9435-46AE-9F8C-DFFAB60F9CBC}"
EndProject
Project("{2150E333-8FDC-42A3-9474-1A3956D46DE8}") = "Solution Items", "Solution Items", "{5B526228-AFA6-464F-9272-FADFBE5FA1CA}"
	ProjectSection(SolutionItems) = preProject
		compose.yaml = compose.yaml
		gd6.db = gd6.db
		gdl\gd6.gdl = gdl\gd6.gdl
	EndProjectSection
EndProject
Project("{FAE04EC0-301F-11D3-BF4B-00C04F79EFBC}") = "docs", "docs\docs.csproj", "{B7E1E827-176F-45EF-BF86-6DE735DA7CC1}"
EndProject
Project("{FAE04EC0-301F-11D3-BF4B-00C04F79EFBC}") = "tests", "tests\tests.csproj", "{344E6843-B6B1-46EF-B7D3-04F16194D34A}"
EndProject
Project("{FAE04EC0-301F-11D3-BF4B-00C04F79EFBC}") = "web", "web\web.csproj", "{473061BB-F229-4262-893F-02AA7856D878}"
EndProject
Project("{FAE04EC0-301F-11D3-BF4B-00C04F79EFBC}") = "gdl", "gdl\gdl.csproj", "{A74C4273-31A6-49BD-BB87-018F7F63E2C1}"
EndProject
Global
	GlobalSection(SolutionConfigurationPlatforms) = preSolution
		Debug|Any CPU = Debug|Any CPU
		Release|Any CPU = Release|Any CPU
	EndGlobalSection
	GlobalSection(ProjectConfigurationPlatforms) = postSolution
		{FB3E8786-9435-46AE-9F8C-DFFAB60F9CBC}.Debug|Any CPU.ActiveCfg = Debug|Any CPU
		{FB3E8786-9435-46AE-9F8C-DFFAB60F9CBC}.Debug|Any CPU.Build.0 = Debug|Any CPU
		{FB3E8786-9435-46AE-9F8C-DFFAB60F9CBC}.Release|Any CPU.ActiveCfg = Release|Any CPU
		{FB3E8786-9435-46AE-9F8C-DFFAB60F9CBC}.Release|Any CPU.Build.0 = Release|Any CPU
		{B7E1E827-176F-45EF-BF86-6DE735DA7CC1}.Debug|Any CPU.ActiveCfg = Debug|Any CPU
		{B7E1E827-176F-45EF-BF86-6DE735DA7CC1}.Debug|Any CPU.Build.0 = Debug|Any CPU
		{B7E1E827-176F-45EF-BF86-6DE735DA7CC1}.Release|Any CPU.ActiveCfg = Release|Any CPU
		{B7E1E827-176F-45EF-BF86-6DE735DA7CC1}.Release|Any CPU.Build.0 = Release|Any CPU
		{344E6843-B6B1-46EF-B7D3-04F16194D34A}.Debug|Any CPU.ActiveCfg = Debug|Any CPU
		{344E6843-B6B1-46EF-B7D3-04F16194D34A}.Debug|Any CPU.Build.0 = Debug|Any CPU
		{344E6843-B6B1-46EF-B7D3-04F16194D34A}.Release|Any CPU.ActiveCfg = Release|Any CPU
		{344E6843-B6B1-46EF-B7D3-04F16194D34A}.Release|Any CPU.Build.0 = Release|Any CPU
		{473061BB-F229-4262-893F-02AA7856D878}.Debug|Any CPU.ActiveCfg = Debug|Any CPU
		{473061BB-F229-4262-893F-02AA7856D878}.Debug|Any CPU.Build.0 = Debug|Any CPU
		{473061BB-F229-4262-893F-02AA7856D878}.Release|Any CPU.ActiveCfg = Release|Any CPU
		{473061BB-F229-4262-893F-02AA7856D878}.Release|Any CPU.Build.0 = Release|Any CPU
		{A74C4273-31A6-49BD-BB87-018F7F63E2C1}.Debug|Any CPU.ActiveCfg = Debug|Any CPU
		{A74C4273-31A6-49BD-BB87-018F7F63E2C1}.Debug|Any CPU.Build.0 = Debug|Any CPU
		{A74C4273-31A6-49BD-BB87-018F7F63E2C1}.Release|Any CPU.ActiveCfg = Release|Any CPU
		{A74C4273-31A6-49BD-BB87-018F7F63E2C1}.Release|Any CPU.Build.0 = Release|Any CPU
	EndGlobalSection
EndGlobal
